// !$*UTF8*$!
{
	archiveVersion = 1;
	classes = {
	};
	objectVersion = 50;
	objects = {

/* Begin PBXBuildFile section */
		2E25F81225B06B2400E7A9A6 /* AppDelegate.swift in Sources */ = {isa = PBXBuildFile; fileRef = 2E25F81125B06B2400E7A9A6 /* AppDelegate.swift */; };
		2E25F81425B06B2400E7A9A6 /* SceneDelegate.swift in Sources */ = {isa = PBXBuildFile; fileRef = 2E25F81325B06B2400E7A9A6 /* SceneDelegate.swift */; };
		2E25F81625B06B2400E7A9A6 /* PopularViewController.swift in Sources */ = {isa = PBXBuildFile; fileRef = 2E25F81525B06B2400E7A9A6 /* PopularViewController.swift */; };
		2E25F81C25B06B2400E7A9A6 /* FlickrFeed.xcdatamodeld in Sources */ = {isa = PBXBuildFile; fileRef = 2E25F81A25B06B2400E7A9A6 /* FlickrFeed.xcdatamodeld */; };
		2E25F81E25B06B3800E7A9A6 /* Assets.xcassets in Resources */ = {isa = PBXBuildFile; fileRef = 2E25F81D25B06B3800E7A9A6 /* Assets.xcassets */; };
		2E25F82125B06B3800E7A9A6 /* LaunchScreen.storyboard in Resources */ = {isa = PBXBuildFile; fileRef = 2E25F81F25B06B3800E7A9A6 /* LaunchScreen.storyboard */; };
		2E25F82C25B06B3800E7A9A6 /* FlickrFeedTests.swift in Sources */ = {isa = PBXBuildFile; fileRef = 2E25F82B25B06B3800E7A9A6 /* FlickrFeedTests.swift */; };
		2E25F84125B0B2EE00E7A9A6 /* PlistKeys.swift in Sources */ = {isa = PBXBuildFile; fileRef = 2E25F84025B0B2EE00E7A9A6 /* PlistKeys.swift */; };
		2E25F84425B0B65200E7A9A6 /* EndpointType.swift in Sources */ = {isa = PBXBuildFile; fileRef = 2E25F84325B0B65200E7A9A6 /* EndpointType.swift */; };
		2E25F84625B0B68100E7A9A6 /* HTTPTask.swift in Sources */ = {isa = PBXBuildFile; fileRef = 2E25F84525B0B68100E7A9A6 /* HTTPTask.swift */; };
		2E25F84825B0B6E400E7A9A6 /* HTTPMethod.swift in Sources */ = {isa = PBXBuildFile; fileRef = 2E25F84725B0B6E400E7A9A6 /* HTTPMethod.swift */; };
		2E25F84A25B1326E00E7A9A6 /* Router.swift in Sources */ = {isa = PBXBuildFile; fileRef = 2E25F84925B1326E00E7A9A6 /* Router.swift */; };
		2E25F84D25B1331000E7A9A6 /* WebService.swift in Sources */ = {isa = PBXBuildFile; fileRef = 2E25F84C25B1331000E7A9A6 /* WebService.swift */; };
		2E25F85025B1336900E7A9A6 /* JSONParameterEncoding.swift in Sources */ = {isa = PBXBuildFile; fileRef = 2E25F84F25B1336900E7A9A6 /* JSONParameterEncoding.swift */; };
		2E25F85225B1339800E7A9A6 /* ParameterEncoding.swift in Sources */ = {isa = PBXBuildFile; fileRef = 2E25F85125B1339800E7A9A6 /* ParameterEncoding.swift */; };
		2E25F85425B133BD00E7A9A6 /* URLParameterEncoding.swift in Sources */ = {isa = PBXBuildFile; fileRef = 2E25F85325B133BD00E7A9A6 /* URLParameterEncoding.swift */; };
		2E25F85625B1364D00E7A9A6 /* PhotosService.swift in Sources */ = {isa = PBXBuildFile; fileRef = 2E25F85525B1364D00E7A9A6 /* PhotosService.swift */; };
		2E25F85925B136A100E7A9A6 /* PhotosAPI.swift in Sources */ = {isa = PBXBuildFile; fileRef = 2E25F85825B136A100E7A9A6 /* PhotosAPI.swift */; };
		2E25F85B25B150C900E7A9A6 /* FlickrPhoto.swift in Sources */ = {isa = PBXBuildFile; fileRef = 2E25F85A25B150C900E7A9A6 /* FlickrPhoto.swift */; };
		2E25F85D25B1517D00E7A9A6 /* FlickrPhotoSize.swift in Sources */ = {isa = PBXBuildFile; fileRef = 2E25F85C25B1517D00E7A9A6 /* FlickrPhotoSize.swift */; };
		2E62BBE325BE987A007E9D20 /* CollectionViewDataSource.swift in Sources */ = {isa = PBXBuildFile; fileRef = 2E62BBE225BE987A007E9D20 /* CollectionViewDataSource.swift */; };
		2E62BBE725BE993E007E9D20 /* UICollectionView+Extensions.swift in Sources */ = {isa = PBXBuildFile; fileRef = 2E62BBE625BE993E007E9D20 /* UICollectionView+Extensions.swift */; };
		2E62BBEB25BE9A45007E9D20 /* PopularCollectionViewCell.swift in Sources */ = {isa = PBXBuildFile; fileRef = 2E62BBEA25BE9A45007E9D20 /* PopularCollectionViewCell.swift */; };
		2E7C02B025B285E300059402 /* HMAC-SHA1.swift in Sources */ = {isa = PBXBuildFile; fileRef = 2E7C02AF25B285E300059402 /* HMAC-SHA1.swift */; };
		2E7C02B325B2896200059402 /* OAuthService.swift in Sources */ = {isa = PBXBuildFile; fileRef = 2E7C02B225B2896200059402 /* OAuthService.swift */; };
		2E7C02B525B2956600059402 /* OAuthAPI.swift in Sources */ = {isa = PBXBuildFile; fileRef = 2E7C02B425B2956600059402 /* OAuthAPI.swift */; };
		2E7C02B825B2B36100059402 /* Int+HMAC.swift in Sources */ = {isa = PBXBuildFile; fileRef = 2E7C02B725B2B36100059402 /* Int+HMAC.swift */; };
		2E7C02BA25B2B37B00059402 /* SHA1.swift in Sources */ = {isa = PBXBuildFile; fileRef = 2E7C02B925B2B37B00059402 /* SHA1.swift */; };
		2E7C02BC25B2B3AA00059402 /* Collection+HMAC.swift in Sources */ = {isa = PBXBuildFile; fileRef = 2E7C02BB25B2B3AA00059402 /* Collection+HMAC.swift */; };
		2E7C02BE25B2B47800059402 /* PopularView.swift in Sources */ = {isa = PBXBuildFile; fileRef = 2E7C02BD25B2B47800059402 /* PopularView.swift */; };
		2E7C02C125B2B53600059402 /* PopularTableViewCell.swift in Sources */ = {isa = PBXBuildFile; fileRef = 2E7C02C025B2B53600059402 /* PopularTableViewCell.swift */; };
		2E80BF0B25B1C173009E92AE /* AuthenticationViewController.swift in Sources */ = {isa = PBXBuildFile; fileRef = 2E80BF0A25B1C173009E92AE /* AuthenticationViewController.swift */; };
		2E80BF0E25B1C1C2009E92AE /* AuthenticationView.swift in Sources */ = {isa = PBXBuildFile; fileRef = 2E80BF0D25B1C1C2009E92AE /* AuthenticationView.swift */; };
		2E80BF1025B1C254009E92AE /* HasCustomView.swift in Sources */ = {isa = PBXBuildFile; fileRef = 2E80BF0F25B1C254009E92AE /* HasCustomView.swift */; };
		2EF3267525B44560003FEB87 /* FlickrPage.swift in Sources */ = {isa = PBXBuildFile; fileRef = 2EF3267425B44560003FEB87 /* FlickrPage.swift */; };
		2EF3267925B446EC003FEB87 /* TableViewDataSource.swift in Sources */ = {isa = PBXBuildFile; fileRef = 2EF3267825B446EC003FEB87 /* TableViewDataSource.swift */; };
		2EF3267D25B447DC003FEB87 /* Cell.swift in Sources */ = {isa = PBXBuildFile; fileRef = 2EF3267C25B447DC003FEB87 /* Cell.swift */; };
		2EF3268125B44A23003FEB87 /* AutoLayouts.swift in Sources */ = {isa = PBXBuildFile; fileRef = 2EF3268025B44A23003FEB87 /* AutoLayouts.swift */; };
		2EF3268825B45050003FEB87 /* UITableView+Extensions.swift in Sources */ = {isa = PBXBuildFile; fileRef = 2EF3268725B45050003FEB87 /* UITableView+Extensions.swift */; };
		2EF3268C25B456F8003FEB87 /* PagingGenerator.swift in Sources */ = {isa = PBXBuildFile; fileRef = 2EF3268B25B456F8003FEB87 /* PagingGenerator.swift */; };
		2EF3269025B47D2A003FEB87 /* PopularViewModel.swift in Sources */ = {isa = PBXBuildFile; fileRef = 2EF3268F25B47D2A003FEB87 /* PopularViewModel.swift */; };
/* End PBXBuildFile section */

/* Begin PBXContainerItemProxy section */
		2E25F82825B06B3800E7A9A6 /* PBXContainerItemProxy */ = {
			isa = PBXContainerItemProxy;
			containerPortal = 2E25F80625B06B2400E7A9A6 /* Project object */;
			proxyType = 1;
			remoteGlobalIDString = 2E25F80D25B06B2400E7A9A6;
			remoteInfo = FlickrFeed;
		};
/* End PBXContainerItemProxy section */

/* Begin PBXFileReference section */
		2E25F80E25B06B2400E7A9A6 /* FlickrFeed.app */ = {isa = PBXFileReference; explicitFileType = wrapper.application; includeInIndex = 0; path = FlickrFeed.app; sourceTree = BUILT_PRODUCTS_DIR; };
		2E25F81125B06B2400E7A9A6 /* AppDelegate.swift */ = {isa = PBXFileReference; lastKnownFileType = sourcecode.swift; path = AppDelegate.swift; sourceTree = "<group>"; };
		2E25F81325B06B2400E7A9A6 /* SceneDelegate.swift */ = {isa = PBXFileReference; lastKnownFileType = sourcecode.swift; path = SceneDelegate.swift; sourceTree = "<group>"; };
		2E25F81525B06B2400E7A9A6 /* PopularViewController.swift */ = {isa = PBXFileReference; lastKnownFileType = sourcecode.swift; path = PopularViewController.swift; sourceTree = "<group>"; };
		2E25F81B25B06B2400E7A9A6 /* FlickrFeed.xcdatamodel */ = {isa = PBXFileReference; lastKnownFileType = wrapper.xcdatamodel; path = FlickrFeed.xcdatamodel; sourceTree = "<group>"; };
		2E25F81D25B06B3800E7A9A6 /* Assets.xcassets */ = {isa = PBXFileReference; lastKnownFileType = folder.assetcatalog; path = Assets.xcassets; sourceTree = "<group>"; };
		2E25F82025B06B3800E7A9A6 /* Base */ = {isa = PBXFileReference; lastKnownFileType = file.storyboard; name = Base; path = Base.lproj/LaunchScreen.storyboard; sourceTree = "<group>"; };
		2E25F82225B06B3800E7A9A6 /* Info.plist */ = {isa = PBXFileReference; lastKnownFileType = text.plist.xml; path = Info.plist; sourceTree = "<group>"; };
		2E25F82725B06B3800E7A9A6 /* FlickrFeedTests.xctest */ = {isa = PBXFileReference; explicitFileType = wrapper.cfbundle; includeInIndex = 0; path = FlickrFeedTests.xctest; sourceTree = BUILT_PRODUCTS_DIR; };
		2E25F82B25B06B3800E7A9A6 /* FlickrFeedTests.swift */ = {isa = PBXFileReference; lastKnownFileType = sourcecode.swift; path = FlickrFeedTests.swift; sourceTree = "<group>"; };
		2E25F82D25B06B3800E7A9A6 /* Info.plist */ = {isa = PBXFileReference; lastKnownFileType = text.plist.xml; path = Info.plist; sourceTree = "<group>"; };
		2E25F83E25B0B07D00E7A9A6 /* Debug.xcconfig */ = {isa = PBXFileReference; lastKnownFileType = text.xcconfig; path = Debug.xcconfig; sourceTree = "<group>"; };
		2E25F84025B0B2EE00E7A9A6 /* PlistKeys.swift */ = {isa = PBXFileReference; lastKnownFileType = sourcecode.swift; path = PlistKeys.swift; sourceTree = "<group>"; };
		2E25F84325B0B65200E7A9A6 /* EndpointType.swift */ = {isa = PBXFileReference; lastKnownFileType = sourcecode.swift; path = EndpointType.swift; sourceTree = "<group>"; };
		2E25F84525B0B68100E7A9A6 /* HTTPTask.swift */ = {isa = PBXFileReference; lastKnownFileType = sourcecode.swift; path = HTTPTask.swift; sourceTree = "<group>"; };
		2E25F84725B0B6E400E7A9A6 /* HTTPMethod.swift */ = {isa = PBXFileReference; lastKnownFileType = sourcecode.swift; path = HTTPMethod.swift; sourceTree = "<group>"; };
		2E25F84925B1326E00E7A9A6 /* Router.swift */ = {isa = PBXFileReference; lastKnownFileType = sourcecode.swift; path = Router.swift; sourceTree = "<group>"; };
		2E25F84C25B1331000E7A9A6 /* WebService.swift */ = {isa = PBXFileReference; lastKnownFileType = sourcecode.swift; path = WebService.swift; sourceTree = "<group>"; };
		2E25F84F25B1336900E7A9A6 /* JSONParameterEncoding.swift */ = {isa = PBXFileReference; lastKnownFileType = sourcecode.swift; path = JSONParameterEncoding.swift; sourceTree = "<group>"; };
		2E25F85125B1339800E7A9A6 /* ParameterEncoding.swift */ = {isa = PBXFileReference; lastKnownFileType = sourcecode.swift; path = ParameterEncoding.swift; sourceTree = "<group>"; };
		2E25F85325B133BD00E7A9A6 /* URLParameterEncoding.swift */ = {isa = PBXFileReference; lastKnownFileType = sourcecode.swift; path = URLParameterEncoding.swift; sourceTree = "<group>"; };
		2E25F85525B1364D00E7A9A6 /* PhotosService.swift */ = {isa = PBXFileReference; lastKnownFileType = sourcecode.swift; path = PhotosService.swift; sourceTree = "<group>"; };
		2E25F85825B136A100E7A9A6 /* PhotosAPI.swift */ = {isa = PBXFileReference; lastKnownFileType = sourcecode.swift; path = PhotosAPI.swift; sourceTree = "<group>"; };
		2E25F85A25B150C900E7A9A6 /* FlickrPhoto.swift */ = {isa = PBXFileReference; lastKnownFileType = sourcecode.swift; path = FlickrPhoto.swift; sourceTree = "<group>"; };
		2E25F85C25B1517D00E7A9A6 /* FlickrPhotoSize.swift */ = {isa = PBXFileReference; lastKnownFileType = sourcecode.swift; path = FlickrPhotoSize.swift; sourceTree = "<group>"; };
		2E62BBE225BE987A007E9D20 /* CollectionViewDataSource.swift */ = {isa = PBXFileReference; lastKnownFileType = sourcecode.swift; path = CollectionViewDataSource.swift; sourceTree = "<group>"; };
		2E62BBE625BE993E007E9D20 /* UICollectionView+Extensions.swift */ = {isa = PBXFileReference; lastKnownFileType = sourcecode.swift; path = "UICollectionView+Extensions.swift"; sourceTree = "<group>"; };
		2E62BBEA25BE9A45007E9D20 /* PopularCollectionViewCell.swift */ = {isa = PBXFileReference; lastKnownFileType = sourcecode.swift; path = PopularCollectionViewCell.swift; sourceTree = "<group>"; };
		2E7C02AF25B285E300059402 /* HMAC-SHA1.swift */ = {isa = PBXFileReference; lastKnownFileType = sourcecode.swift; path = "HMAC-SHA1.swift"; sourceTree = "<group>"; };
		2E7C02B225B2896200059402 /* OAuthService.swift */ = {isa = PBXFileReference; lastKnownFileType = sourcecode.swift; path = OAuthService.swift; sourceTree = "<group>"; };
		2E7C02B425B2956600059402 /* OAuthAPI.swift */ = {isa = PBXFileReference; lastKnownFileType = sourcecode.swift; path = OAuthAPI.swift; sourceTree = "<group>"; };
		2E7C02B725B2B36100059402 /* Int+HMAC.swift */ = {isa = PBXFileReference; lastKnownFileType = sourcecode.swift; path = "Int+HMAC.swift"; sourceTree = "<group>"; };
		2E7C02B925B2B37B00059402 /* SHA1.swift */ = {isa = PBXFileReference; lastKnownFileType = sourcecode.swift; path = SHA1.swift; sourceTree = "<group>"; };
		2E7C02BB25B2B3AA00059402 /* Collection+HMAC.swift */ = {isa = PBXFileReference; lastKnownFileType = sourcecode.swift; path = "Collection+HMAC.swift"; sourceTree = "<group>"; };
		2E7C02BD25B2B47800059402 /* PopularView.swift */ = {isa = PBXFileReference; lastKnownFileType = sourcecode.swift; path = PopularView.swift; sourceTree = "<group>"; };
		2E7C02C025B2B53600059402 /* PopularTableViewCell.swift */ = {isa = PBXFileReference; lastKnownFileType = sourcecode.swift; path = PopularTableViewCell.swift; sourceTree = "<group>"; };
		2E80BF0A25B1C173009E92AE /* AuthenticationViewController.swift */ = {isa = PBXFileReference; lastKnownFileType = sourcecode.swift; path = AuthenticationViewController.swift; sourceTree = "<group>"; };
		2E80BF0D25B1C1C2009E92AE /* AuthenticationView.swift */ = {isa = PBXFileReference; lastKnownFileType = sourcecode.swift; path = AuthenticationView.swift; sourceTree = "<group>"; };
		2E80BF0F25B1C254009E92AE /* HasCustomView.swift */ = {isa = PBXFileReference; lastKnownFileType = sourcecode.swift; path = HasCustomView.swift; sourceTree = "<group>"; };
		2EF3267425B44560003FEB87 /* FlickrPage.swift */ = {isa = PBXFileReference; lastKnownFileType = sourcecode.swift; path = FlickrPage.swift; sourceTree = "<group>"; };
		2EF3267825B446EC003FEB87 /* TableViewDataSource.swift */ = {isa = PBXFileReference; lastKnownFileType = sourcecode.swift; path = TableViewDataSource.swift; sourceTree = "<group>"; };
		2EF3267C25B447DC003FEB87 /* Cell.swift */ = {isa = PBXFileReference; lastKnownFileType = sourcecode.swift; path = Cell.swift; sourceTree = "<group>"; };
		2EF3268025B44A23003FEB87 /* AutoLayouts.swift */ = {isa = PBXFileReference; lastKnownFileType = sourcecode.swift; path = AutoLayouts.swift; sourceTree = "<group>"; };
		2EF3268725B45050003FEB87 /* UITableView+Extensions.swift */ = {isa = PBXFileReference; lastKnownFileType = sourcecode.swift; path = "UITableView+Extensions.swift"; sourceTree = "<group>"; };
		2EF3268B25B456F8003FEB87 /* PagingGenerator.swift */ = {isa = PBXFileReference; lastKnownFileType = sourcecode.swift; path = PagingGenerator.swift; sourceTree = "<group>"; };
		2EF3268F25B47D2A003FEB87 /* PopularViewModel.swift */ = {isa = PBXFileReference; lastKnownFileType = sourcecode.swift; path = PopularViewModel.swift; sourceTree = "<group>"; };
/* End PBXFileReference section */

/* Begin PBXFrameworksBuildPhase section */
		2E25F80B25B06B2400E7A9A6 /* Frameworks */ = {
			isa = PBXFrameworksBuildPhase;
			buildActionMask = 2147483647;
			files = (
			);
			runOnlyForDeploymentPostprocessing = 0;
		};
		2E25F82425B06B3800E7A9A6 /* Frameworks */ = {
			isa = PBXFrameworksBuildPhase;
			buildActionMask = 2147483647;
			files = (
			);
			runOnlyForDeploymentPostprocessing = 0;
		};
/* End PBXFrameworksBuildPhase section */

/* Begin PBXGroup section */
		2E25F80525B06B2400E7A9A6 = {
			isa = PBXGroup;
			children = (
				2E25F81025B06B2400E7A9A6 /* FlickrFeed */,
				2E25F82A25B06B3800E7A9A6 /* FlickrFeedTests */,
				2E25F80F25B06B2400E7A9A6 /* Products */,
			);
			sourceTree = "<group>";
		};
		2E25F80F25B06B2400E7A9A6 /* Products */ = {
			isa = PBXGroup;
			children = (
				2E25F80E25B06B2400E7A9A6 /* FlickrFeed.app */,
				2E25F82725B06B3800E7A9A6 /* FlickrFeedTests.xctest */,
			);
			name = Products;
			sourceTree = "<group>";
		};
		2E25F81025B06B2400E7A9A6 /* FlickrFeed */ = {
			isa = PBXGroup;
			children = (
				2E25F83D25B0B05300E7A9A6 /* Configs */,
				2E25F83925B06BCD00E7A9A6 /* Main */,
				2E25F83725B06BAA00E7A9A6 /* Model */,
				2E25F83825B06BB600E7A9A6 /* View */,
				2E25F83B25B0AAA200E7A9A6 /* ViewModel */,
				2E25F83625B06B9300E7A9A6 /* Networking */,
				2E25F83F25B0B2AA00E7A9A6 /* Utils */,
				2E25F83A25B06C0200E7A9A6 /* Assets */,
			);
			path = FlickrFeed;
			sourceTree = "<group>";
		};
		2E25F82A25B06B3800E7A9A6 /* FlickrFeedTests */ = {
			isa = PBXGroup;
			children = (
				2E25F82B25B06B3800E7A9A6 /* FlickrFeedTests.swift */,
				2E25F82D25B06B3800E7A9A6 /* Info.plist */,
			);
			path = FlickrFeedTests;
			sourceTree = "<group>";
		};
		2E25F83625B06B9300E7A9A6 /* Networking */ = {
			isa = PBXGroup;
			children = (
				2E7C02B125B2894700059402 /* OAuth */,
				2E25F85725B1368B00E7A9A6 /* Endpoint */,
				2E25F84E25B1334D00E7A9A6 /* Encoding */,
				2E25F84B25B132D200E7A9A6 /* Service */,
				2E25F84225B0B5F700E7A9A6 /* Request */,
			);
			path = Networking;
			sourceTree = "<group>";
		};
		2E25F83725B06BAA00E7A9A6 /* Model */ = {
			isa = PBXGroup;
			children = (
				2E25F81A25B06B2400E7A9A6 /* FlickrFeed.xcdatamodeld */,
				2E25F85A25B150C900E7A9A6 /* FlickrPhoto.swift */,
				2E25F85C25B1517D00E7A9A6 /* FlickrPhotoSize.swift */,
				2EF3267425B44560003FEB87 /* FlickrPage.swift */,
			);
			path = Model;
			sourceTree = "<group>";
		};
		2E25F83825B06BB600E7A9A6 /* View */ = {
			isa = PBXGroup;
			children = (
				2E7C02BF25B2B51D00059402 /* Cells */,
				2E80BF0C25B1C1A3009E92AE /* Views */,
				2E25F83C25B0AECB00E7A9A6 /* ViewController */,
			);
			path = View;
			sourceTree = "<group>";
		};
		2E25F83925B06BCD00E7A9A6 /* Main */ = {
			isa = PBXGroup;
			children = (
				2E25F81125B06B2400E7A9A6 /* AppDelegate.swift */,
				2E25F81325B06B2400E7A9A6 /* SceneDelegate.swift */,
				2E25F82225B06B3800E7A9A6 /* Info.plist */,
				2E25F81F25B06B3800E7A9A6 /* LaunchScreen.storyboard */,
			);
			path = Main;
			sourceTree = "<group>";
		};
		2E25F83A25B06C0200E7A9A6 /* Assets */ = {
			isa = PBXGroup;
			children = (
				2E25F81D25B06B3800E7A9A6 /* Assets.xcassets */,
			);
			path = Assets;
			sourceTree = "<group>";
		};
		2E25F83B25B0AAA200E7A9A6 /* ViewModel */ = {
			isa = PBXGroup;
			children = (
				2EF3268F25B47D2A003FEB87 /* PopularViewModel.swift */,
			);
			path = ViewModel;
			sourceTree = "<group>";
		};
		2E25F83C25B0AECB00E7A9A6 /* ViewController */ = {
			isa = PBXGroup;
			children = (
				2E25F81525B06B2400E7A9A6 /* PopularViewController.swift */,
				2E80BF0A25B1C173009E92AE /* AuthenticationViewController.swift */,
			);
			path = ViewController;
			sourceTree = "<group>";
		};
		2E25F83D25B0B05300E7A9A6 /* Configs */ = {
			isa = PBXGroup;
			children = (
				2E25F83E25B0B07D00E7A9A6 /* Debug.xcconfig */,
			);
			path = Configs;
			sourceTree = "<group>";
		};
		2E25F83F25B0B2AA00E7A9A6 /* Utils */ = {
			isa = PBXGroup;
			children = (
				2EF3268625B45040003FEB87 /* Extensions */,
				2E7C02B625B2B34500059402 /* HMAC */,
				2E25F84025B0B2EE00E7A9A6 /* PlistKeys.swift */,
				2E80BF0F25B1C254009E92AE /* HasCustomView.swift */,
				2EF3267825B446EC003FEB87 /* TableViewDataSource.swift */,
				2EF3267C25B447DC003FEB87 /* Cell.swift */,
				2EF3268025B44A23003FEB87 /* AutoLayouts.swift */,
				2EF3268B25B456F8003FEB87 /* PagingGenerator.swift */,
				2E62BBE225BE987A007E9D20 /* CollectionViewDataSource.swift */,
			);
			path = Utils;
			sourceTree = "<group>";
		};
		2E25F84225B0B5F700E7A9A6 /* Request */ = {
			isa = PBXGroup;
			children = (
				2E25F84325B0B65200E7A9A6 /* EndpointType.swift */,
				2E25F84525B0B68100E7A9A6 /* HTTPTask.swift */,
				2E25F84725B0B6E400E7A9A6 /* HTTPMethod.swift */,
				2E25F84925B1326E00E7A9A6 /* Router.swift */,
			);
			path = Request;
			sourceTree = "<group>";
		};
		2E25F84B25B132D200E7A9A6 /* Service */ = {
			isa = PBXGroup;
			children = (
				2E25F84C25B1331000E7A9A6 /* WebService.swift */,
				2E25F85525B1364D00E7A9A6 /* PhotosService.swift */,
			);
			path = Service;
			sourceTree = "<group>";
		};
		2E25F84E25B1334D00E7A9A6 /* Encoding */ = {
			isa = PBXGroup;
			children = (
				2E25F84F25B1336900E7A9A6 /* JSONParameterEncoding.swift */,
				2E25F85125B1339800E7A9A6 /* ParameterEncoding.swift */,
				2E25F85325B133BD00E7A9A6 /* URLParameterEncoding.swift */,
			);
			path = Encoding;
			sourceTree = "<group>";
		};
		2E25F85725B1368B00E7A9A6 /* Endpoint */ = {
			isa = PBXGroup;
			children = (
				2E25F85825B136A100E7A9A6 /* PhotosAPI.swift */,
				2E7C02B425B2956600059402 /* OAuthAPI.swift */,
			);
			path = Endpoint;
			sourceTree = "<group>";
		};
		2E7C02B125B2894700059402 /* OAuth */ = {
			isa = PBXGroup;
			children = (
				2E7C02B225B2896200059402 /* OAuthService.swift */,
			);
			path = OAuth;
			sourceTree = "<group>";
		};
		2E7C02B625B2B34500059402 /* HMAC */ = {
			isa = PBXGroup;
			children = (
				2E7C02AF25B285E300059402 /* HMAC-SHA1.swift */,
				2E7C02B725B2B36100059402 /* Int+HMAC.swift */,
				2E7C02B925B2B37B00059402 /* SHA1.swift */,
				2E7C02BB25B2B3AA00059402 /* Collection+HMAC.swift */,
			);
			path = HMAC;
			sourceTree = "<group>";
		};
		2E7C02BF25B2B51D00059402 /* Cells */ = {
			isa = PBXGroup;
			children = (
				2E7C02C025B2B53600059402 /* PopularTableViewCell.swift */,
				2E62BBEA25BE9A45007E9D20 /* PopularCollectionViewCell.swift */,
			);
			path = Cells;
			sourceTree = "<group>";
		};
		2E80BF0C25B1C1A3009E92AE /* Views */ = {
			isa = PBXGroup;
			children = (
				2E80BF0D25B1C1C2009E92AE /* AuthenticationView.swift */,
				2E7C02BD25B2B47800059402 /* PopularView.swift */,
			);
			path = Views;
			sourceTree = "<group>";
		};
		2EF3268625B45040003FEB87 /* Extensions */ = {
			isa = PBXGroup;
			children = (
				2EF3268725B45050003FEB87 /* UITableView+Extensions.swift */,
				2E62BBE625BE993E007E9D20 /* UICollectionView+Extensions.swift */,
			);
			path = Extensions;
			sourceTree = "<group>";
		};
/* End PBXGroup section */

/* Begin PBXNativeTarget section */
		2E25F80D25B06B2400E7A9A6 /* FlickrFeed */ = {
			isa = PBXNativeTarget;
			buildConfigurationList = 2E25F83025B06B3800E7A9A6 /* Build configuration list for PBXNativeTarget "FlickrFeed" */;
			buildPhases = (
				2E25F80A25B06B2400E7A9A6 /* Sources */,
				2E25F80B25B06B2400E7A9A6 /* Frameworks */,
				2E25F80C25B06B2400E7A9A6 /* Resources */,
			);
			buildRules = (
			);
			dependencies = (
			);
			name = FlickrFeed;
			productName = FlickrFeed;
			productReference = 2E25F80E25B06B2400E7A9A6 /* FlickrFeed.app */;
			productType = "com.apple.product-type.application";
		};
		2E25F82625B06B3800E7A9A6 /* FlickrFeedTests */ = {
			isa = PBXNativeTarget;
			buildConfigurationList = 2E25F83325B06B3800E7A9A6 /* Build configuration list for PBXNativeTarget "FlickrFeedTests" */;
			buildPhases = (
				2E25F82325B06B3800E7A9A6 /* Sources */,
				2E25F82425B06B3800E7A9A6 /* Frameworks */,
				2E25F82525B06B3800E7A9A6 /* Resources */,
			);
			buildRules = (
			);
			dependencies = (
				2E25F82925B06B3800E7A9A6 /* PBXTargetDependency */,
			);
			name = FlickrFeedTests;
			productName = FlickrFeedTests;
			productReference = 2E25F82725B06B3800E7A9A6 /* FlickrFeedTests.xctest */;
			productType = "com.apple.product-type.bundle.unit-test";
		};
/* End PBXNativeTarget section */

/* Begin PBXProject section */
		2E25F80625B06B2400E7A9A6 /* Project object */ = {
			isa = PBXProject;
			attributes = {
				LastSwiftUpdateCheck = 1130;
				LastUpgradeCheck = 1230;
				ORGANIZATIONNAME = "Amber Katyal";
				TargetAttributes = {
					2E25F80D25B06B2400E7A9A6 = {
						CreatedOnToolsVersion = 11.3.1;
					};
					2E25F82625B06B3800E7A9A6 = {
						CreatedOnToolsVersion = 11.3.1;
						TestTargetID = 2E25F80D25B06B2400E7A9A6;
					};
				};
			};
			buildConfigurationList = 2E25F80925B06B2400E7A9A6 /* Build configuration list for PBXProject "FlickrFeed" */;
			compatibilityVersion = "Xcode 9.3";
			developmentRegion = en;
			hasScannedForEncodings = 0;
			knownRegions = (
				en,
				Base,
			);
			mainGroup = 2E25F80525B06B2400E7A9A6;
			productRefGroup = 2E25F80F25B06B2400E7A9A6 /* Products */;
			projectDirPath = "";
			projectRoot = "";
			targets = (
				2E25F80D25B06B2400E7A9A6 /* FlickrFeed */,
				2E25F82625B06B3800E7A9A6 /* FlickrFeedTests */,
			);
		};
/* End PBXProject section */

/* Begin PBXResourcesBuildPhase section */
		2E25F80C25B06B2400E7A9A6 /* Resources */ = {
			isa = PBXResourcesBuildPhase;
			buildActionMask = 2147483647;
			files = (
				2E25F82125B06B3800E7A9A6 /* LaunchScreen.storyboard in Resources */,
				2E25F81E25B06B3800E7A9A6 /* Assets.xcassets in Resources */,
			);
			runOnlyForDeploymentPostprocessing = 0;
		};
		2E25F82525B06B3800E7A9A6 /* Resources */ = {
			isa = PBXResourcesBuildPhase;
			buildActionMask = 2147483647;
			files = (
			);
			runOnlyForDeploymentPostprocessing = 0;
		};
/* End PBXResourcesBuildPhase section */

/* Begin PBXSourcesBuildPhase section */
		2E25F80A25B06B2400E7A9A6 /* Sources */ = {
			isa = PBXSourcesBuildPhase;
			buildActionMask = 2147483647;
			files = (
				2E7C02BA25B2B37B00059402 /* SHA1.swift in Sources */,
				2EF3268C25B456F8003FEB87 /* PagingGenerator.swift in Sources */,
				2E7C02BE25B2B47800059402 /* PopularView.swift in Sources */,
				2E25F81625B06B2400E7A9A6 /* PopularViewController.swift in Sources */,
				2EF3267D25B447DC003FEB87 /* Cell.swift in Sources */,
				2E25F85B25B150C900E7A9A6 /* FlickrPhoto.swift in Sources */,
				2E25F81225B06B2400E7A9A6 /* AppDelegate.swift in Sources */,
				2E7C02BC25B2B3AA00059402 /* Collection+HMAC.swift in Sources */,
				2EF3267925B446EC003FEB87 /* TableViewDataSource.swift in Sources */,
				2E25F85425B133BD00E7A9A6 /* URLParameterEncoding.swift in Sources */,
				2E80BF0B25B1C173009E92AE /* AuthenticationViewController.swift in Sources */,
				2EF3267525B44560003FEB87 /* FlickrPage.swift in Sources */,
				2E7C02B025B285E300059402 /* HMAC-SHA1.swift in Sources */,
				2E25F84425B0B65200E7A9A6 /* EndpointType.swift in Sources */,
				2E25F85925B136A100E7A9A6 /* PhotosAPI.swift in Sources */,
				2E7C02C125B2B53600059402 /* PopularTableViewCell.swift in Sources */,
				2E7C02B825B2B36100059402 /* Int+HMAC.swift in Sources */,
				2E25F85625B1364D00E7A9A6 /* PhotosService.swift in Sources */,
				2E80BF1025B1C254009E92AE /* HasCustomView.swift in Sources */,
				2EF3268825B45050003FEB87 /* UITableView+Extensions.swift in Sources */,
				2E7C02B525B2956600059402 /* OAuthAPI.swift in Sources */,
				2EF3269025B47D2A003FEB87 /* PopularViewModel.swift in Sources */,
				2E25F81C25B06B2400E7A9A6 /* FlickrFeed.xcdatamodeld in Sources */,
				2E25F84A25B1326E00E7A9A6 /* Router.swift in Sources */,
				2E62BBE725BE993E007E9D20 /* UICollectionView+Extensions.swift in Sources */,
				2E25F84825B0B6E400E7A9A6 /* HTTPMethod.swift in Sources */,
				2EF3268125B44A23003FEB87 /* AutoLayouts.swift in Sources */,
				2E25F85225B1339800E7A9A6 /* ParameterEncoding.swift in Sources */,
				2E80BF0E25B1C1C2009E92AE /* AuthenticationView.swift in Sources */,
				2E7C02B325B2896200059402 /* OAuthService.swift in Sources */,
				2E62BBEB25BE9A45007E9D20 /* PopularCollectionViewCell.swift in Sources */,
				2E25F85025B1336900E7A9A6 /* JSONParameterEncoding.swift in Sources */,
				2E25F81425B06B2400E7A9A6 /* SceneDelegate.swift in Sources */,
				2E62BBE325BE987A007E9D20 /* CollectionViewDataSource.swift in Sources */,
				2E25F85D25B1517D00E7A9A6 /* FlickrPhotoSize.swift in Sources */,
				2E25F84625B0B68100E7A9A6 /* HTTPTask.swift in Sources */,
				2E25F84D25B1331000E7A9A6 /* WebService.swift in Sources */,
				2E25F84125B0B2EE00E7A9A6 /* PlistKeys.swift in Sources */,
			);
			runOnlyForDeploymentPostprocessing = 0;
		};
		2E25F82325B06B3800E7A9A6 /* Sources */ = {
			isa = PBXSourcesBuildPhase;
			buildActionMask = 2147483647;
			files = (
				2E25F82C25B06B3800E7A9A6 /* FlickrFeedTests.swift in Sources */,
			);
			runOnlyForDeploymentPostprocessing = 0;
		};
/* End PBXSourcesBuildPhase section */

/* Begin PBXTargetDependency section */
		2E25F82925B06B3800E7A9A6 /* PBXTargetDependency */ = {
			isa = PBXTargetDependency;
			target = 2E25F80D25B06B2400E7A9A6 /* FlickrFeed */;
			targetProxy = 2E25F82825B06B3800E7A9A6 /* PBXContainerItemProxy */;
		};
/* End PBXTargetDependency section */

/* Begin PBXVariantGroup section */
		2E25F81F25B06B3800E7A9A6 /* LaunchScreen.storyboard */ = {
			isa = PBXVariantGroup;
			children = (
				2E25F82025B06B3800E7A9A6 /* Base */,
			);
			name = LaunchScreen.storyboard;
			sourceTree = "<group>";
		};
/* End PBXVariantGroup section */

/* Begin XCBuildConfiguration section */
		2E25F82E25B06B3800E7A9A6 /* Debug */ = {
			isa = XCBuildConfiguration;
			buildSettings = {
				ALWAYS_SEARCH_USER_PATHS = NO;
				CLANG_ANALYZER_NONNULL = YES;
				CLANG_ANALYZER_NUMBER_OBJECT_CONVERSION = YES_AGGRESSIVE;
				CLANG_CXX_LANGUAGE_STANDARD = "gnu++14";
				CLANG_CXX_LIBRARY = "libc++";
				CLANG_ENABLE_MODULES = YES;
				CLANG_ENABLE_OBJC_ARC = YES;
				CLANG_ENABLE_OBJC_WEAK = YES;
				CLANG_WARN_BLOCK_CAPTURE_AUTORELEASING = YES;
				CLANG_WARN_BOOL_CONVERSION = YES;
				CLANG_WARN_COMMA = YES;
				CLANG_WARN_CONSTANT_CONVERSION = YES;
				CLANG_WARN_DEPRECATED_OBJC_IMPLEMENTATIONS = YES;
				CLANG_WARN_DIRECT_OBJC_ISA_USAGE = YES_ERROR;
				CLANG_WARN_DOCUMENTATION_COMMENTS = YES;
				CLANG_WARN_EMPTY_BODY = YES;
				CLANG_WARN_ENUM_CONVERSION = YES;
				CLANG_WARN_INFINITE_RECURSION = YES;
				CLANG_WARN_INT_CONVERSION = YES;
				CLANG_WARN_NON_LITERAL_NULL_CONVERSION = YES;
				CLANG_WARN_OBJC_IMPLICIT_RETAIN_SELF = YES;
				CLANG_WARN_OBJC_LITERAL_CONVERSION = YES;
				CLANG_WARN_OBJC_ROOT_CLASS = YES_ERROR;
				CLANG_WARN_QUOTED_INCLUDE_IN_FRAMEWORK_HEADER = YES;
				CLANG_WARN_RANGE_LOOP_ANALYSIS = YES;
				CLANG_WARN_STRICT_PROTOTYPES = YES;
				CLANG_WARN_SUSPICIOUS_MOVE = YES;
				CLANG_WARN_UNGUARDED_AVAILABILITY = YES_AGGRESSIVE;
				CLANG_WARN_UNREACHABLE_CODE = YES;
				CLANG_WARN__DUPLICATE_METHOD_MATCH = YES;
				COPY_PHASE_STRIP = NO;
				DEBUG_INFORMATION_FORMAT = dwarf;
				ENABLE_STRICT_OBJC_MSGSEND = YES;
				ENABLE_TESTABILITY = YES;
				GCC_C_LANGUAGE_STANDARD = gnu11;
				GCC_DYNAMIC_NO_PIC = NO;
				GCC_NO_COMMON_BLOCKS = YES;
				GCC_OPTIMIZATION_LEVEL = 0;
				GCC_PREPROCESSOR_DEFINITIONS = (
					"DEBUG=1",
					"$(inherited)",
				);
				GCC_WARN_64_TO_32_BIT_CONVERSION = YES;
				GCC_WARN_ABOUT_RETURN_TYPE = YES_ERROR;
				GCC_WARN_UNDECLARED_SELECTOR = YES;
				GCC_WARN_UNINITIALIZED_AUTOS = YES_AGGRESSIVE;
				GCC_WARN_UNUSED_FUNCTION = YES;
				GCC_WARN_UNUSED_VARIABLE = YES;
				IPHONEOS_DEPLOYMENT_TARGET = 13.2;
				MTL_ENABLE_DEBUG_INFO = INCLUDE_SOURCE;
				MTL_FAST_MATH = YES;
				ONLY_ACTIVE_ARCH = YES;
				SDKROOT = iphoneos;
				SWIFT_ACTIVE_COMPILATION_CONDITIONS = DEBUG;
				SWIFT_OPTIMIZATION_LEVEL = "-Onone";
			};
			name = Debug;
		};
		2E25F82F25B06B3800E7A9A6 /* Release */ = {
			isa = XCBuildConfiguration;
			buildSettings = {
				ALWAYS_SEARCH_USER_PATHS = NO;
				CLANG_ANALYZER_NONNULL = YES;
				CLANG_ANALYZER_NUMBER_OBJECT_CONVERSION = YES_AGGRESSIVE;
				CLANG_CXX_LANGUAGE_STANDARD = "gnu++14";
				CLANG_CXX_LIBRARY = "libc++";
				CLANG_ENABLE_MODULES = YES;
				CLANG_ENABLE_OBJC_ARC = YES;
				CLANG_ENABLE_OBJC_WEAK = YES;
				CLANG_WARN_BLOCK_CAPTURE_AUTORELEASING = YES;
				CLANG_WARN_BOOL_CONVERSION = YES;
				CLANG_WARN_COMMA = YES;
				CLANG_WARN_CONSTANT_CONVERSION = YES;
				CLANG_WARN_DEPRECATED_OBJC_IMPLEMENTATIONS = YES;
				CLANG_WARN_DIRECT_OBJC_ISA_USAGE = YES_ERROR;
				CLANG_WARN_DOCUMENTATION_COMMENTS = YES;
				CLANG_WARN_EMPTY_BODY = YES;
				CLANG_WARN_ENUM_CONVERSION = YES;
				CLANG_WARN_INFINITE_RECURSION = YES;
				CLANG_WARN_INT_CONVERSION = YES;
				CLANG_WARN_NON_LITERAL_NULL_CONVERSION = YES;
				CLANG_WARN_OBJC_IMPLICIT_RETAIN_SELF = YES;
				CLANG_WARN_OBJC_LITERAL_CONVERSION = YES;
				CLANG_WARN_OBJC_ROOT_CLASS = YES_ERROR;
				CLANG_WARN_QUOTED_INCLUDE_IN_FRAMEWORK_HEADER = YES;
				CLANG_WARN_RANGE_LOOP_ANALYSIS = YES;
				CLANG_WARN_STRICT_PROTOTYPES = YES;
				CLANG_WARN_SUSPICIOUS_MOVE = YES;
				CLANG_WARN_UNGUARDED_AVAILABILITY = YES_AGGRESSIVE;
				CLANG_WARN_UNREACHABLE_CODE = YES;
				CLANG_WARN__DUPLICATE_METHOD_MATCH = YES;
				COPY_PHASE_STRIP = NO;
				DEBUG_INFORMATION_FORMAT = "dwarf-with-dsym";
				ENABLE_NS_ASSERTIONS = NO;
				ENABLE_STRICT_OBJC_MSGSEND = YES;
				GCC_C_LANGUAGE_STANDARD = gnu11;
				GCC_NO_COMMON_BLOCKS = YES;
				GCC_WARN_64_TO_32_BIT_CONVERSION = YES;
				GCC_WARN_ABOUT_RETURN_TYPE = YES_ERROR;
				GCC_WARN_UNDECLARED_SELECTOR = YES;
				GCC_WARN_UNINITIALIZED_AUTOS = YES_AGGRESSIVE;
				GCC_WARN_UNUSED_FUNCTION = YES;
				GCC_WARN_UNUSED_VARIABLE = YES;
				IPHONEOS_DEPLOYMENT_TARGET = 13.2;
				MTL_ENABLE_DEBUG_INFO = NO;
				MTL_FAST_MATH = YES;
				SDKROOT = iphoneos;
				SWIFT_COMPILATION_MODE = wholemodule;
				SWIFT_OPTIMIZATION_LEVEL = "-O";
				VALIDATE_PRODUCT = YES;
			};
			name = Release;
		};
		2E25F83125B06B3800E7A9A6 /* Debug */ = {
			isa = XCBuildConfiguration;
			baseConfigurationReference = 2E25F83E25B0B07D00E7A9A6 /* Debug.xcconfig */;
			buildSettings = {
				ASSETCATALOG_COMPILER_APPICON_NAME = AppIcon;
				CODE_SIGN_STYLE = Automatic;
				DEVELOPMENT_TEAM = VUQ58N42WG;
				INFOPLIST_FILE = FlickrFeed/Main/Info.plist;
				LD_RUNPATH_SEARCH_PATHS = (
					"$(inherited)",
					"@executable_path/Frameworks",
				);
				PRODUCT_BUNDLE_IDENTIFIER = com.amberkatyal.FlickrFeed;
				PRODUCT_NAME = "$(TARGET_NAME)";
				SWIFT_VERSION = 5.0;
				TARGETED_DEVICE_FAMILY = "1,2";
			};
			name = Debug;
		};
		2E25F83225B06B3800E7A9A6 /* Release */ = {
			isa = XCBuildConfiguration;
			buildSettings = {
				ASSETCATALOG_COMPILER_APPICON_NAME = AppIcon;
				CODE_SIGN_STYLE = Automatic;
				DEVELOPMENT_TEAM = VUQ58N42WG;
				INFOPLIST_FILE = FlickrFeed/Main/Info.plist;
				LD_RUNPATH_SEARCH_PATHS = (
					"$(inherited)",
					"@executable_path/Frameworks",
				);
				PRODUCT_BUNDLE_IDENTIFIER = com.amberkatyal.FlickrFeed;
				PRODUCT_NAME = "$(TARGET_NAME)";
				SWIFT_VERSION = 5.0;
				TARGETED_DEVICE_FAMILY = "1,2";
			};
			name = Release;
		};
		2E25F83425B06B3800E7A9A6 /* Debug */ = {
			isa = XCBuildConfiguration;
			buildSettings = {
				ALWAYS_EMBED_SWIFT_STANDARD_LIBRARIES = YES;
				BUNDLE_LOADER = "$(TEST_HOST)";
				CODE_SIGN_STYLE = Automatic;
				DEVELOPMENT_TEAM = VUQ58N42WG;
				INFOPLIST_FILE = FlickrFeedTests/Info.plist;
				IPHONEOS_DEPLOYMENT_TARGET = 13.2;
				LD_RUNPATH_SEARCH_PATHS = (
					"$(inherited)",
					"@executable_path/Frameworks",
					"@loader_path/Frameworks",
				);
				PRODUCT_BUNDLE_IDENTIFIER = com.amberkatyal.FlickrFeedTests;
				PRODUCT_NAME = "$(TARGET_NAME)";
				SWIFT_VERSION = 5.0;
				TARGETED_DEVICE_FAMILY = "1,2";
				TEST_HOST = "$(BUILT_PRODUCTS_DIR)/FlickrFeed.app/FlickrFeed";
			};
			name = Debug;
		};
		2E25F83525B06B3800E7A9A6 /* Release */ = {
			isa = XCBuildConfiguration;
			buildSettings = {
				ALWAYS_EMBED_SWIFT_STANDARD_LIBRARIES = YES;
				BUNDLE_LOADER = "$(TEST_HOST)";
				CODE_SIGN_STYLE = Automatic;
				DEVELOPMENT_TEAM = VUQ58N42WG;
				INFOPLIST_FILE = FlickrFeedTests/Info.plist;
				IPHONEOS_DEPLOYMENT_TARGET = 13.2;
				LD_RUNPATH_SEARCH_PATHS = (
					"$(inherited)",
					"@executable_path/Frameworks",
					"@loader_path/Frameworks",
				);
				PRODUCT_BUNDLE_IDENTIFIER = com.amberkatyal.FlickrFeedTests;
				PRODUCT_NAME = "$(TARGET_NAME)";
				SWIFT_VERSION = 5.0;
				TARGETED_DEVICE_FAMILY = "1,2";
				TEST_HOST = "$(BUILT_PRODUCTS_DIR)/FlickrFeed.app/FlickrFeed";
			};
			name = Release;
		};
/* End XCBuildConfiguration section */

/* Begin XCConfigurationList section */
		2E25F80925B06B2400E7A9A6 /* Build configuration list for PBXProject "FlickrFeed" */ = {
			isa = XCConfigurationList;
			buildConfigurations = (
				2E25F82E25B06B3800E7A9A6 /* Debug */,
				2E25F82F25B06B3800E7A9A6 /* Release */,
			);
			defaultConfigurationIsVisible = 0;
			defaultConfigurationName = Release;
		};
		2E25F83025B06B3800E7A9A6 /* Build configuration list for PBXNativeTarget "FlickrFeed" */ = {
			isa = XCConfigurationList;
			buildConfigurations = (
				2E25F83125B06B3800E7A9A6 /* Debug */,
				2E25F83225B06B3800E7A9A6 /* Release */,
			);
			defaultConfigurationIsVisible = 0;
			defaultConfigurationName = Release;
		};
		2E25F83325B06B3800E7A9A6 /* Build configuration list for PBXNativeTarget "FlickrFeedTests" */ = {
			isa = XCConfigurationList;
			buildConfigurations = (
				2E25F83425B06B3800E7A9A6 /* Debug */,
				2E25F83525B06B3800E7A9A6 /* Release */,
			);
			defaultConfigurationIsVisible = 0;
			defaultConfigurationName = Release;
		};
/* End XCConfigurationList section */

/* Begin XCVersionGroup section */
		2E25F81A25B06B2400E7A9A6 /* FlickrFeed.xcdatamodeld */ = {
			isa = XCVersionGroup;
			children = (
				2E25F81B25B06B2400E7A9A6 /* FlickrFeed.xcdatamodel */,
			);
			currentVersion = 2E25F81B25B06B2400E7A9A6 /* FlickrFeed.xcdatamodel */;
			path = FlickrFeed.xcdatamodeld;
			sourceTree = "<group>";
			versionGroupType = wrapper.xcdatamodel;
		};
/* End XCVersionGroup section */
	};
	rootObject = 2E25F80625B06B2400E7A9A6 /* Project object */;
}
